
Microsoft Visual Studio Solution File, Format Version 12.00
# Visual Studio Version 16
VisualStudioVersion = 16.0.29709.97
MinimumVisualStudioVersion = 10.0.40219.1
Project("{FAE04EC0-301F-11D3-BF4B-00C04F79EFBC}") = "WTProgammingTest", "WTProgammingTest\WTProgammingTest.csproj", "{D9ECE1EB-D14D-4B64-9A2F-96B08805873E}"
EndProject
Global
	GlobalSection(SolutionConfigurationPlatforms) = preSolution
		Debug|Any CPU = Debug|Any CPU
		Release|Any CPU = Release|Any CPU
	EndGlobalSection
	GlobalSection(ProjectConfigurationPlatforms) = postSolution
		{D9ECE1EB-D14D-4B64-9A2F-96B08805873E}.Debug|Any CPU.ActiveCfg = Debug|Any CPU
		{D9ECE1EB-D14D-4B64-9A2F-96B08805873E}.Debug|Any CPU.Build.0 = Debug|Any CPU
		{D9ECE1EB-D14D-4B64-9A2F-96B08805873E}.Release|Any CPU.ActiveCfg = Release|Any CPU
		{D9ECE1EB-D14D-4B64-9A2F-96B08805873E}.Release|Any CPU.Build.0 = Release|Any CPU
	EndGlobalSection
	GlobalSection(SolutionProperties) = preSolution
		HideSolutionNode = FALSE
	EndGlobalSection
	GlobalSection(ExtensibilityGlobals) = postSolution
		SolutionGuid = {42048C41-5B07-4BBD-99D6-6D0AA364993E}
	EndGlobalSection
EndGlobal
